{
  "object": {
    "pins": [
      {
        "package": "ParticleSwift",
        "repositoryURL": "https://github.com/Danappelxx/particle-swift",
        "state": {
          "branch": null,
          "revision": "9a28190df27da40319847ed4d0408ca9dd64ee4d",
          "version": "0.4.1"
        }
      }
    ]
  },
  "version": 1
}
