// !$*UTF8*$!
{
	archiveVersion = 1;
	classes = {
	};
	objectVersion = 50;
	objects = {

/* Begin PBXBuildFile section */
		371594AF262AB21000F5C185 /* keys.json in Resources */ = {isa = PBXBuildFile; fileRef = 371594AE262AB21000F5C185 /* keys.json */; };
		371594B8262AEFE200F5C185 /* Extensions.swift in Sources */ = {isa = PBXBuildFile; fileRef = 371594B7262AEFE200F5C185 /* Extensions.swift */; };
		371594BB262AF02900F5C185 /* Defaults.swift in Sources */ = {isa = PBXBuildFile; fileRef = 371594BA262AF02900F5C185 /* Defaults.swift */; };
		371BA6EF262AA985003609CB /* BacklightApp.swift in Sources */ = {isa = PBXBuildFile; fileRef = 371BA6EE262AA985003609CB /* BacklightApp.swift */; };
		371BA6F1262AA985003609CB /* ContentView.swift in Sources */ = {isa = PBXBuildFile; fileRef = 371BA6F0262AA985003609CB /* ContentView.swift */; };
		371BA6F3262AA986003609CB /* Assets.xcassets in Resources */ = {isa = PBXBuildFile; fileRef = 371BA6F2262AA986003609CB /* Assets.xcassets */; };
		371BA6F6262AA986003609CB /* Preview Assets.xcassets in Resources */ = {isa = PBXBuildFile; fileRef = 371BA6F5262AA986003609CB /* Preview Assets.xcassets */; };
		373D334C262CFB1500327376 /* BrightnessPickerView.swift in Sources */ = {isa = PBXBuildFile; fileRef = 373D334B262CFB1500327376 /* BrightnessPickerView.swift */; };
		37F92D18263A5B5300D18E9D /* BacklightManager.swift in Sources */ = {isa = PBXBuildFile; fileRef = 37F92D17263A5B5300D18E9D /* BacklightManager.swift */; };
		37F92D1A263A5F8200D18E9D /* BacklightManagerViewModel.swift in Sources */ = {isa = PBXBuildFile; fileRef = 37F92D19263A5F8200D18E9D /* BacklightManagerViewModel.swift */; };
		37F92D1C263A648100D18E9D /* BacklightManagerView.swift in Sources */ = {isa = PBXBuildFile; fileRef = 37F92D1B263A648100D18E9D /* BacklightManagerView.swift */; };
/* End PBXBuildFile section */

/* Begin PBXFileReference section */
		371594AE262AB21000F5C185 /* keys.json */ = {isa = PBXFileReference; lastKnownFileType = text.json; path = keys.json; sourceTree = "<group>"; };
		371594B7262AEFE200F5C185 /* Extensions.swift */ = {isa = PBXFileReference; lastKnownFileType = sourcecode.swift; path = Extensions.swift; sourceTree = "<group>"; };
		371594BA262AF02900F5C185 /* Defaults.swift */ = {isa = PBXFileReference; lastKnownFileType = sourcecode.swift; path = Defaults.swift; sourceTree = "<group>"; };
		371BA6EB262AA985003609CB /* Backlight.app */ = {isa = PBXFileReference; explicitFileType = wrapper.application; includeInIndex = 0; path = Backlight.app; sourceTree = BUILT_PRODUCTS_DIR; };
		371BA6EE262AA985003609CB /* BacklightApp.swift */ = {isa = PBXFileReference; lastKnownFileType = sourcecode.swift; path = BacklightApp.swift; sourceTree = "<group>"; };
		371BA6F0262AA985003609CB /* ContentView.swift */ = {isa = PBXFileReference; lastKnownFileType = sourcecode.swift; path = ContentView.swift; sourceTree = "<group>"; };
		371BA6F2262AA986003609CB /* Assets.xcassets */ = {isa = PBXFileReference; lastKnownFileType = folder.assetcatalog; path = Assets.xcassets; sourceTree = "<group>"; };
		371BA6F5262AA986003609CB /* Preview Assets.xcassets */ = {isa = PBXFileReference; lastKnownFileType = folder.assetcatalog; path = "Preview Assets.xcassets"; sourceTree = "<group>"; };
		371BA6F7262AA986003609CB /* Info.plist */ = {isa = PBXFileReference; lastKnownFileType = text.plist.xml; path = Info.plist; sourceTree = "<group>"; };
		373D334B262CFB1500327376 /* BrightnessPickerView.swift */ = {isa = PBXFileReference; lastKnownFileType = sourcecode.swift; path = BrightnessPickerView.swift; sourceTree = "<group>"; };
		37F92D17263A5B5300D18E9D /* BacklightManager.swift */ = {isa = PBXFileReference; lastKnownFileType = sourcecode.swift; path = BacklightManager.swift; sourceTree = "<group>"; };
		37F92D19263A5F8200D18E9D /* BacklightManagerViewModel.swift */ = {isa = PBXFileReference; lastKnownFileType = sourcecode.swift; path = BacklightManagerViewModel.swift; sourceTree = "<group>"; };
		37F92D1B263A648100D18E9D /* BacklightManagerView.swift */ = {isa = PBXFileReference; lastKnownFileType = sourcecode.swift; path = BacklightManagerView.swift; sourceTree = "<group>"; };
/* End PBXFileReference section */

/* Begin PBXFrameworksBuildPhase section */
		371BA6E8262AA985003609CB /* Frameworks */ = {
			isa = PBXFrameworksBuildPhase;
			buildActionMask = 2147483647;
			files = (
			);
			runOnlyForDeploymentPostprocessing = 0;
		};
/* End PBXFrameworksBuildPhase section */

/* Begin PBXGroup section */
		371BA6E2262AA985003609CB = {
			isa = PBXGroup;
			children = (
				371BA6ED262AA985003609CB /* Backlight */,
				371BA6EC262AA985003609CB /* Products */,
			);
			sourceTree = "<group>";
		};
		371BA6EC262AA985003609CB /* Products */ = {
			isa = PBXGroup;
			children = (
				371BA6EB262AA985003609CB /* Backlight.app */,
			);
			name = Products;
			sourceTree = "<group>";
		};
		371BA6ED262AA985003609CB /* Backlight */ = {
			isa = PBXGroup;
			children = (
				371BA6EE262AA985003609CB /* BacklightApp.swift */,
				371BA6F0262AA985003609CB /* ContentView.swift */,
				37F92D1B263A648100D18E9D /* BacklightManagerView.swift */,
				37F92D19263A5F8200D18E9D /* BacklightManagerViewModel.swift */,
				37F92D17263A5B5300D18E9D /* BacklightManager.swift */,
				373D334B262CFB1500327376 /* BrightnessPickerView.swift */,
				371594BA262AF02900F5C185 /* Defaults.swift */,
				371594B7262AEFE200F5C185 /* Extensions.swift */,
				371BA6F2262AA986003609CB /* Assets.xcassets */,
				371BA6F7262AA986003609CB /* Info.plist */,
				371BA6F4262AA986003609CB /* Preview Content */,
				371594AE262AB21000F5C185 /* keys.json */,
			);
			path = Backlight;
			sourceTree = "<group>";
		};
		371BA6F4262AA986003609CB /* Preview Content */ = {
			isa = PBXGroup;
			children = (
				371BA6F5262AA986003609CB /* Preview Assets.xcassets */,
			);
			path = "Preview Content";
			sourceTree = "<group>";
		};
/* End PBXGroup section */

/* Begin PBXNativeTarget section */
		371BA6EA262AA985003609CB /* Backlight */ = {
			isa = PBXNativeTarget;
			buildConfigurationList = 371BA6FA262AA986003609CB /* Build configuration list for PBXNativeTarget "Backlight" */;
			buildPhases = (
				371BA6E7262AA985003609CB /* Sources */,
				371BA6E8262AA985003609CB /* Frameworks */,
				371BA6E9262AA985003609CB /* Resources */,
			);
			buildRules = (
			);
			dependencies = (
			);
			name = Backlight;
			packageProductDependencies = (
			);
			productName = Backlight;
			productReference = 371BA6EB262AA985003609CB /* Backlight.app */;
			productType = "com.apple.product-type.application";
		};
/* End PBXNativeTarget section */

/* Begin PBXProject section */
		371BA6E3262AA985003609CB /* Project object */ = {
			isa = PBXProject;
			attributes = {
				LastSwiftUpdateCheck = 1240;
				LastUpgradeCheck = 1240;
				TargetAttributes = {
					371BA6EA262AA985003609CB = {
						CreatedOnToolsVersion = 12.4;
					};
				};
			};
			buildConfigurationList = 371BA6E6262AA985003609CB /* Build configuration list for PBXProject "Backlight" */;
			compatibilityVersion = "Xcode 9.3";
			developmentRegion = en;
			hasScannedForEncodings = 0;
			knownRegions = (
				en,
				Base,
			);
			mainGroup = 371BA6E2262AA985003609CB;
			packageReferences = (
			);
			productRefGroup = 371BA6EC262AA985003609CB /* Products */;
			projectDirPath = "";
			projectRoot = "";
			targets = (
				371BA6EA262AA985003609CB /* Backlight */,
			);
		};
/* End PBXProject section */

/* Begin PBXResourcesBuildPhase section */
		371BA6E9262AA985003609CB /* Resources */ = {
			isa = PBXResourcesBuildPhase;
			buildActionMask = 2147483647;
			files = (
				371BA6F6262AA986003609CB /* Preview Assets.xcassets in Resources */,
				371594AF262AB21000F5C185 /* keys.json in Resources */,
				371BA6F3262AA986003609CB /* Assets.xcassets in Resources */,
			);
			runOnlyForDeploymentPostprocessing = 0;
		};
/* End PBXResourcesBuildPhase section */

/* Begin PBXSourcesBuildPhase section */
		371BA6E7262AA985003609CB /* Sources */ = {
			isa = PBXSourcesBuildPhase;
			buildActionMask = 2147483647;
			files = (
				373D334C262CFB1500327376 /* BrightnessPickerView.swift in Sources */,
				37F92D18263A5B5300D18E9D /* BacklightManager.swift in Sources */,
				371BA6F1262AA985003609CB /* ContentView.swift in Sources */,
				371594BB262AF02900F5C185 /* Defaults.swift in Sources */,
				37F92D1C263A648100D18E9D /* BacklightManagerView.swift in Sources */,
				37F92D1A263A5F8200D18E9D /* BacklightManagerViewModel.swift in Sources */,
				371594B8262AEFE200F5C185 /* Extensions.swift in Sources */,
				371BA6EF262AA985003609CB /* BacklightApp.swift in Sources */,
			);
			runOnlyForDeploymentPostprocessing = 0;
		};
/* End PBXSourcesBuildPhase section */

/* Begin XCBuildConfiguration section */
		371BA6F8262AA986003609CB /* Debug */ = {
			isa = XCBuildConfiguration;
			buildSettings = {
				ALWAYS_SEARCH_USER_PATHS = NO;
				CLANG_ANALYZER_NONNULL = YES;
				CLANG_ANALYZER_NUMBER_OBJECT_CONVERSION = YES_AGGRESSIVE;
				CLANG_CXX_LANGUAGE_STANDARD = "gnu++14";
				CLANG_CXX_LIBRARY = "libc++";
				CLANG_ENABLE_MODULES = YES;
				CLANG_ENABLE_OBJC_ARC = YES;
				CLANG_ENABLE_OBJC_WEAK = YES;
				CLANG_WARN_BLOCK_CAPTURE_AUTORELEASING = YES;
				CLANG_WARN_BOOL_CONVERSION = YES;
				CLANG_WARN_COMMA = YES;
				CLANG_WARN_CONSTANT_CONVERSION = YES;
				CLANG_WARN_DEPRECATED_OBJC_IMPLEMENTATIONS = YES;
				CLANG_WARN_DIRECT_OBJC_ISA_USAGE = YES_ERROR;
				CLANG_WARN_DOCUMENTATION_COMMENTS = YES;
				CLANG_WARN_EMPTY_BODY = YES;
				CLANG_WARN_ENUM_CONVERSION = YES;
				CLANG_WARN_INFINITE_RECURSION = YES;
				CLANG_WARN_INT_CONVERSION = YES;
				CLANG_WARN_NON_LITERAL_NULL_CONVERSION = YES;
				CLANG_WARN_OBJC_IMPLICIT_RETAIN_SELF = YES;
				CLANG_WARN_OBJC_LITERAL_CONVERSION = YES;
				CLANG_WARN_OBJC_ROOT_CLASS = YES_ERROR;
				CLANG_WARN_QUOTED_INCLUDE_IN_FRAMEWORK_HEADER = YES;
				CLANG_WARN_RANGE_LOOP_ANALYSIS = YES;
				CLANG_WARN_STRICT_PROTOTYPES = YES;
				CLANG_WARN_SUSPICIOUS_MOVE = YES;
				CLANG_WARN_UNGUARDED_AVAILABILITY = YES_AGGRESSIVE;
				CLANG_WARN_UNREACHABLE_CODE = YES;
				CLANG_WARN__DUPLICATE_METHOD_MATCH = YES;
				COPY_PHASE_STRIP = NO;
				DEBUG_INFORMATION_FORMAT = dwarf;
				ENABLE_STRICT_OBJC_MSGSEND = YES;
				ENABLE_TESTABILITY = YES;
				GCC_C_LANGUAGE_STANDARD = gnu11;
				GCC_DYNAMIC_NO_PIC = NO;
				GCC_NO_COMMON_BLOCKS = YES;
				GCC_OPTIMIZATION_LEVEL = 0;
				GCC_PREPROCESSOR_DEFINITIONS = (
					"DEBUG=1",
					"$(inherited)",
				);
				GCC_WARN_64_TO_32_BIT_CONVERSION = YES;
				GCC_WARN_ABOUT_RETURN_TYPE = YES_ERROR;
				GCC_WARN_UNDECLARED_SELECTOR = YES;
				GCC_WARN_UNINITIALIZED_AUTOS = YES_AGGRESSIVE;
				GCC_WARN_UNUSED_FUNCTION = YES;
				GCC_WARN_UNUSED_VARIABLE = YES;
				MTL_ENABLE_DEBUG_INFO = INCLUDE_SOURCE;
				MTL_FAST_MATH = YES;
				ONLY_ACTIVE_ARCH = YES;
				SDKROOT = appletvos;
				SWIFT_ACTIVE_COMPILATION_CONDITIONS = DEBUG;
				SWIFT_OPTIMIZATION_LEVEL = "-Onone";
				TVOS_DEPLOYMENT_TARGET = 14.3;
			};
			name = Debug;
		};
		371BA6F9262AA986003609CB /* Release */ = {
			isa = XCBuildConfiguration;
			buildSettings = {
				ALWAYS_SEARCH_USER_PATHS = NO;
				CLANG_ANALYZER_NONNULL = YES;
				CLANG_ANALYZER_NUMBER_OBJECT_CONVERSION = YES_AGGRESSIVE;
				CLANG_CXX_LANGUAGE_STANDARD = "gnu++14";
				CLANG_CXX_LIBRARY = "libc++";
				CLANG_ENABLE_MODULES = YES;
				CLANG_ENABLE_OBJC_ARC = YES;
				CLANG_ENABLE_OBJC_WEAK = YES;
				CLANG_WARN_BLOCK_CAPTURE_AUTORELEASING = YES;
				CLANG_WARN_BOOL_CONVERSION = YES;
				CLANG_WARN_COMMA = YES;
				CLANG_WARN_CONSTANT_CONVERSION = YES;
				CLANG_WARN_DEPRECATED_OBJC_IMPLEMENTATIONS = YES;
				CLANG_WARN_DIRECT_OBJC_ISA_USAGE = YES_ERROR;
				CLANG_WARN_DOCUMENTATION_COMMENTS = YES;
				CLANG_WARN_EMPTY_BODY = YES;
				CLANG_WARN_ENUM_CONVERSION = YES;
				CLANG_WARN_INFINITE_RECURSION = YES;
				CLANG_WARN_INT_CONVERSION = YES;
				CLANG_WARN_NON_LITERAL_NULL_CONVERSION = YES;
				CLANG_WARN_OBJC_IMPLICIT_RETAIN_SELF = YES;
				CLANG_WARN_OBJC_LITERAL_CONVERSION = YES;
				CLANG_WARN_OBJC_ROOT_CLASS = YES_ERROR;
				CLANG_WARN_QUOTED_INCLUDE_IN_FRAMEWORK_HEADER = YES;
				CLANG_WARN_RANGE_LOOP_ANALYSIS = YES;
				CLANG_WARN_STRICT_PROTOTYPES = YES;
				CLANG_WARN_SUSPICIOUS_MOVE = YES;
				CLANG_WARN_UNGUARDED_AVAILABILITY = YES_AGGRESSIVE;
				CLANG_WARN_UNREACHABLE_CODE = YES;
				CLANG_WARN__DUPLICATE_METHOD_MATCH = YES;
				COPY_PHASE_STRIP = NO;
				DEBUG_INFORMATION_FORMAT = "dwarf-with-dsym";
				ENABLE_NS_ASSERTIONS = NO;
				ENABLE_STRICT_OBJC_MSGSEND = YES;
				GCC_C_LANGUAGE_STANDARD = gnu11;
				GCC_NO_COMMON_BLOCKS = YES;
				GCC_WARN_64_TO_32_BIT_CONVERSION = YES;
				GCC_WARN_ABOUT_RETURN_TYPE = YES_ERROR;
				GCC_WARN_UNDECLARED_SELECTOR = YES;
				GCC_WARN_UNINITIALIZED_AUTOS = YES_AGGRESSIVE;
				GCC_WARN_UNUSED_FUNCTION = YES;
				GCC_WARN_UNUSED_VARIABLE = YES;
				MTL_ENABLE_DEBUG_INFO = NO;
				MTL_FAST_MATH = YES;
				SDKROOT = appletvos;
				SWIFT_COMPILATION_MODE = wholemodule;
				SWIFT_OPTIMIZATION_LEVEL = "-O";
				TVOS_DEPLOYMENT_TARGET = 14.3;
				VALIDATE_PRODUCT = YES;
			};
			name = Release;
		};
		371BA6FB262AA986003609CB /* Debug */ = {
			isa = XCBuildConfiguration;
			buildSettings = {
				ASSETCATALOG_COMPILER_APPICON_NAME = "App Icon & Top Shelf Image";
				ASSETCATALOG_COMPILER_GLOBAL_ACCENT_COLOR_NAME = AccentColor;
				CODE_SIGN_STYLE = Automatic;
				DEVELOPMENT_ASSET_PATHS = "\"Backlight/Preview Content\"";
				DEVELOPMENT_TEAM = B76LU6EQ4E;
				ENABLE_PREVIEWS = YES;
				INFOPLIST_FILE = Backlight/Info.plist;
				LD_RUNPATH_SEARCH_PATHS = (
					"$(inherited)",
					"@executable_path/Frameworks",
				);
				PRODUCT_BUNDLE_IDENTIFIER = app.danapp.Backlight;
				PRODUCT_NAME = "$(TARGET_NAME)";
				SWIFT_VERSION = 5.0;
				TARGETED_DEVICE_FAMILY = 3;
				TVOS_DEPLOYMENT_TARGET = 14.0;
			};
			name = Debug;
		};
		371BA6FC262AA986003609CB /* Release */ = {
			isa = XCBuildConfiguration;
			buildSettings = {
				ASSETCATALOG_COMPILER_APPICON_NAME = "App Icon & Top Shelf Image";
				ASSETCATALOG_COMPILER_GLOBAL_ACCENT_COLOR_NAME = AccentColor;
				CODE_SIGN_STYLE = Automatic;
				DEVELOPMENT_ASSET_PATHS = "\"Backlight/Preview Content\"";
				DEVELOPMENT_TEAM = B76LU6EQ4E;
				ENABLE_PREVIEWS = YES;
				INFOPLIST_FILE = Backlight/Info.plist;
				LD_RUNPATH_SEARCH_PATHS = (
					"$(inherited)",
					"@executable_path/Frameworks",
				);
				PRODUCT_BUNDLE_IDENTIFIER = app.danapp.Backlight;
				PRODUCT_NAME = "$(TARGET_NAME)";
				SWIFT_VERSION = 5.0;
				TARGETED_DEVICE_FAMILY = 3;
				TVOS_DEPLOYMENT_TARGET = 14.0;
			};
			name = Release;
		};
/* End XCBuildConfiguration section */

/* Begin XCConfigurationList section */
		371BA6E6262AA985003609CB /* Build configuration list for PBXProject "Backlight" */ = {
			isa = XCConfigurationList;
			buildConfigurations = (
				371BA6F8262AA986003609CB /* Debug */,
				371BA6F9262AA986003609CB /* Release */,
			);
			defaultConfigurationIsVisible = 0;
			defaultConfigurationName = Release;
		};
		371BA6FA262AA986003609CB /* Build configuration list for PBXNativeTarget "Backlight" */ = {
			isa = XCConfigurationList;
			buildConfigurations = (
				371BA6FB262AA986003609CB /* Debug */,
				371BA6FC262AA986003609CB /* Release */,
			);
			defaultConfigurationIsVisible = 0;
			defaultConfigurationName = Release;
		};
/* End XCConfigurationList section */
	};
	rootObject = 371BA6E3262AA985003609CB /* Project object */;
}
